dependencies:
- name: krakend
  repository: https://FRINXio.github.io/helm-charts
  version: 1.0.1
- name: frinx-frontend
  repository: https://FRINXio.github.io/helm-charts
  version: 1.0.0
- name: postgresql
  repository: https://charts.bitnami.com/bitnami
  version: 11.1.22
- name: uniresource
  repository: https://FRINXio.github.io/helm-charts
  version: 1.0.1
- name: uniflow
  repository: https://FRINXio.github.io/helm-charts
  version: 1.1.0
- name: inventory
  repository: https://FRINXio.github.io/helm-charts
  version: 2.0.0
- name: postgresql
  repository: https://charts.bitnami.com/bitnami
  version: 11.1.22
- name: uniconfig
  repository: https://FRINXio.github.io/helm-charts
  version: 1.0.2
- name: demo-workflows
  repository: https://FRINXio.github.io/helm-charts
  version: 1.0.0
digest: sha256:e9b86cdaf51674ead3bbf6f48199d4de11e4f39f0d7a0b35243ce09982342917
generated: "2022-04-22T11:28:08.679398895+02:00"
