dependencies:
- name: krakend
  repository: https://frinxio.github.io/helm-charts
  version: 1.0.1
- name: frinx-frontend
  repository: https://frinxio.github.io/helm-charts
  version: 1.0.0
- name: postgresql
  repository: https://charts.bitnami.com/bitnami
  version: 11.1.22
- name: uniresource
  repository: file://charts/uniresource
  version: 1.0.1
- name: uniflow
  repository: file://charts/uniflow
  version: 1.1.0
- name: inventory
  repository: file://charts/inventory
  version: 2.0.0
- name: postgresql
  repository: https://charts.bitnami.com/bitnami
  version: 11.1.22
- name: uniconfig
  repository: file://charts/uniconfig
  version: 1.0.1
- name: demo-workflows
  repository: file://charts/demo-workflows
  version: 0.1.0
digest: sha256:5918526bf9ebe6d18a5fb824f61c0abde0c60a4464ef135c856849ed8581dc51
generated: "2022-04-21T11:45:40.68703487+02:00"
