dependencies:
- name: krakend
  repository: https://frinxio.github.io/helm-charts
  version: 1.0.1
- name: frinx-frontend
  repository: https://frinxio.github.io/helm-charts
  version: 1.0.0
- name: postgresql
  repository: https://charts.bitnami.com/bitnami
  version: 11.1.22
- name: postgresql
  repository: https://charts.bitnami.com/bitnami
  version: 11.1.22
digest: sha256:3dcf823f2a70ec6f28eb660372da2ce4a38b49dbc42797acae21cb527aea248b
generated: "2022-04-20T20:53:07.215097092+02:00"
